{
  "nodes": {
    "darwin": {
      "inputs": {
        "nixpkgs": [
          "unstable"
        ]
      },
      "locked": {
        "lastModified": 1687385522,
        "narHash": "sha256-GR8mqsqYcdZ67dCcII5SWcwHqPAJRWXPmqsuMl7+KA4=",
        "owner": "lnl7",
        "repo": "nix-darwin",
        "rev": "bc346a67d34a336ca3c507570875cc88038e6120",
        "type": "github"
      },
      "original": {
        "owner": "lnl7",
        "ref": "master",
        "repo": "nix-darwin",
        "type": "github"
      }
    },
    "home-manager": {
      "inputs": {
        "nixpkgs": [
          "unstable"
        ]
      },
      "locked": {
        "lastModified": 1687506590,
        "narHash": "sha256-CSou9mrG9h/WVRjCptfTrATVxvhmtdQXElmWV/ZkrAs=",
        "owner": "nix-community",
        "repo": "home-manager",
        "rev": "d2b6f2d154bf6b27a93ed895392f80c503df7cfa",
        "type": "github"
      },
      "original": {
        "owner": "nix-community",
        "repo": "home-manager",
        "type": "github"
      }
    },
    "nixpkgs": {
      "locked": {
        "lastModified": 1687488839,
        "narHash": "sha256-7JDjuyHwUvGJJge9jxfRJkuYyL5G5yipspc4J3HwjGA=",
        "owner": "NixOS",
        "repo": "nixpkgs",
        "rev": "f9e94676ce6c7531c44d38da61d2669ebec0f603",
        "type": "github"
      },
      "original": {
        "id": "nixpkgs",
        "type": "indirect"
      }
    },
    "root": {
      "inputs": {
        "darwin": "darwin",
        "home-manager": "home-manager",
        "nixpkgs": "nixpkgs",
        "stable": "stable",
        "unstable": "unstable"
      }
    },
    "stable": {
      "locked": {
        "lastModified": 1687376262,
        "narHash": "sha256-xtenf0Nc6So/5uaQqe8u3GVoAs/YdMUFsysPUuK8w1s=",
        "owner": "nixos",
        "repo": "nixpkgs",
        "rev": "7859e9c101fabbd62551b8f4260124a6e2f01a46",
        "type": "github"
      },
      "original": {
        "owner": "nixos",
        "ref": "nixos-22.11",
        "repo": "nixpkgs",
        "type": "github"
      }
    },
    "unstable": {
      "locked": {
        "lastModified": 1687488839,
        "narHash": "sha256-7JDjuyHwUvGJJge9jxfRJkuYyL5G5yipspc4J3HwjGA=",
        "owner": "nixos",
        "repo": "nixpkgs",
        "rev": "f9e94676ce6c7531c44d38da61d2669ebec0f603",
        "type": "github"
      },
      "original": {
        "owner": "nixos",
        "ref": "nixpkgs-unstable",
        "repo": "nixpkgs",
        "type": "github"
      }
    }
  },
  "root": "root",
  "version": 7
}
